
Microsoft Visual Studio Solution File, Format Version 12.00
# Visual Studio Version 16
VisualStudioVersion = 16.0.30907.101
MinimumVisualStudioVersion = 10.0.40219.1
Project("{FAE04EC0-301F-11D3-BF4B-00C04F79EFBC}") = "Avatar", "Avatar.csproj", "{1958A38F-CF7A-4592-B2A5-57CB37BB953D}"
EndProject
Global
	GlobalSection(SolutionConfigurationPlatforms) = preSolution
		Debug|Any CPU = Debug|Any CPU
		Release|Any CPU = Release|Any CPU
	EndGlobalSection
	GlobalSection(ProjectConfigurationPlatforms) = postSolution
		{1958A38F-CF7A-4592-B2A5-57CB37BB953D}.Debug|Any CPU.ActiveCfg = Debug|Any CPU
		{1958A38F-CF7A-4592-B2A5-57CB37BB953D}.Debug|Any CPU.Build.0 = Debug|Any CPU
		{1958A38F-CF7A-4592-B2A5-57CB37BB953D}.Release|Any CPU.ActiveCfg = Release|Any CPU
		{1958A38F-CF7A-4592-B2A5-57CB37BB953D}.Release|Any CPU.Build.0 = Release|Any CPU
	EndGlobalSection
	GlobalSection(SolutionProperties) = preSolution
		HideSolutionNode = FALSE
	EndGlobalSection
	GlobalSection(ExtensibilityGlobals) = postSolution
		SolutionGuid = {94DF9738-548D-49A9-898E-DE0D96E0B9B1}
	EndGlobalSection
EndGlobal
