
Microsoft Visual Studio Solution File, Format Version 12.00
# Visual Studio Version 16
VisualStudioVersion = 16.0.30907.101
MinimumVisualStudioVersion = 10.0.40219.1
Project("{FAE04EC0-301F-11D3-BF4B-00C04F79EFBC}") = "CSharpStart", "CSharpStart.csproj", "{D12AB639-7976-416A-9002-E99D74891FAC}"
EndProject
Global
	GlobalSection(SolutionConfigurationPlatforms) = preSolution
		Debug|Any CPU = Debug|Any CPU
		Release|Any CPU = Release|Any CPU
	EndGlobalSection
	GlobalSection(ProjectConfigurationPlatforms) = postSolution
		{D12AB639-7976-416A-9002-E99D74891FAC}.Debug|Any CPU.ActiveCfg = Debug|Any CPU
		{D12AB639-7976-416A-9002-E99D74891FAC}.Debug|Any CPU.Build.0 = Debug|Any CPU
		{D12AB639-7976-416A-9002-E99D74891FAC}.Release|Any CPU.ActiveCfg = Release|Any CPU
		{D12AB639-7976-416A-9002-E99D74891FAC}.Release|Any CPU.Build.0 = Release|Any CPU
	EndGlobalSection
	GlobalSection(SolutionProperties) = preSolution
		HideSolutionNode = FALSE
	EndGlobalSection
	GlobalSection(ExtensibilityGlobals) = postSolution
		SolutionGuid = {3FDB80EA-023F-4EE5-AD49-626801741CA5}
	EndGlobalSection
EndGlobal
